
Microsoft Visual Studio Solution File, Format Version 12.00
# Visual Studio Version 17
VisualStudioVersion = 17.7.34031.279
MinimumVisualStudioVersion = 10.0.40219.1
Project("{FAE04EC0-301F-11D3-BF4B-00C04F79EFBC}") = "Assignment5_MiguelStoyke", "Assignment5_MiguelStoyke.csproj", "{1B5BC6EC-31D0-4667-8DA9-50525DA3B103}"
EndProject
Global
	GlobalSection(SolutionConfigurationPlatforms) = preSolution
		Debug|Any CPU = Debug|Any CPU
		Release|Any CPU = Release|Any CPU
	EndGlobalSection
	GlobalSection(ProjectConfigurationPlatforms) = postSolution
		{1B5BC6EC-31D0-4667-8DA9-50525DA3B103}.Debug|Any CPU.ActiveCfg = Debug|Any CPU
		{1B5BC6EC-31D0-4667-8DA9-50525DA3B103}.Debug|Any CPU.Build.0 = Debug|Any CPU
		{1B5BC6EC-31D0-4667-8DA9-50525DA3B103}.Release|Any CPU.ActiveCfg = Release|Any CPU
		{1B5BC6EC-31D0-4667-8DA9-50525DA3B103}.Release|Any CPU.Build.0 = Release|Any CPU
	EndGlobalSection
	GlobalSection(SolutionProperties) = preSolution
		HideSolutionNode = FALSE
	EndGlobalSection
	GlobalSection(ExtensibilityGlobals) = postSolution
		SolutionGuid = {4A7BC444-D22B-4535-882E-7A034B7716E1}
	EndGlobalSection
EndGlobal
