
Microsoft Visual Studio Solution File, Format Version 12.00
# Visual Studio Version 17
VisualStudioVersion = 17.7.34031.279
MinimumVisualStudioVersion = 10.0.40219.1
Project("{FAE04EC0-301F-11D3-BF4B-00C04F79EFBC}") = "Assignment4_MiguelStoyke", "Assignment4_MiguelStoyke.csproj", "{63A92EE2-1F6F-4B15-BDF1-CD0E21B34DBD}"
EndProject
Global
	GlobalSection(SolutionConfigurationPlatforms) = preSolution
		Debug|Any CPU = Debug|Any CPU
		Release|Any CPU = Release|Any CPU
	EndGlobalSection
	GlobalSection(ProjectConfigurationPlatforms) = postSolution
		{63A92EE2-1F6F-4B15-BDF1-CD0E21B34DBD}.Debug|Any CPU.ActiveCfg = Debug|Any CPU
		{63A92EE2-1F6F-4B15-BDF1-CD0E21B34DBD}.Debug|Any CPU.Build.0 = Debug|Any CPU
		{63A92EE2-1F6F-4B15-BDF1-CD0E21B34DBD}.Release|Any CPU.ActiveCfg = Release|Any CPU
		{63A92EE2-1F6F-4B15-BDF1-CD0E21B34DBD}.Release|Any CPU.Build.0 = Release|Any CPU
	EndGlobalSection
	GlobalSection(SolutionProperties) = preSolution
		HideSolutionNode = FALSE
	EndGlobalSection
	GlobalSection(ExtensibilityGlobals) = postSolution
		SolutionGuid = {091A1B77-F246-486D-90FC-D13B9F295021}
	EndGlobalSection
EndGlobal
