
Microsoft Visual Studio Solution File, Format Version 12.00
# Visual Studio Version 17
VisualStudioVersion = 17.7.34031.279
MinimumVisualStudioVersion = 10.0.40219.1
Project("{FAE04EC0-301F-11D3-BF4B-00C04F79EFBC}") = "Assignment2_MiguelStoyke", "Assignment2_MiguelStoyke.csproj", "{485741C3-A697-417E-B1DA-E3782F0A0B4D}"
EndProject
Global
	GlobalSection(SolutionConfigurationPlatforms) = preSolution
		Debug|Any CPU = Debug|Any CPU
		Release|Any CPU = Release|Any CPU
	EndGlobalSection
	GlobalSection(ProjectConfigurationPlatforms) = postSolution
		{485741C3-A697-417E-B1DA-E3782F0A0B4D}.Debug|Any CPU.ActiveCfg = Debug|Any CPU
		{485741C3-A697-417E-B1DA-E3782F0A0B4D}.Debug|Any CPU.Build.0 = Debug|Any CPU
		{485741C3-A697-417E-B1DA-E3782F0A0B4D}.Release|Any CPU.ActiveCfg = Release|Any CPU
		{485741C3-A697-417E-B1DA-E3782F0A0B4D}.Release|Any CPU.Build.0 = Release|Any CPU
	EndGlobalSection
	GlobalSection(SolutionProperties) = preSolution
		HideSolutionNode = FALSE
	EndGlobalSection
	GlobalSection(ExtensibilityGlobals) = postSolution
		SolutionGuid = {BCF2FE47-62D5-4166-9617-AA74914FE48A}
	EndGlobalSection
EndGlobal
